
Microsoft Visual Studio Solution File, Format Version 12.00
# Visual Studio Version 16
VisualStudioVersion = 16.0.30907.101
MinimumVisualStudioVersion = 10.0.40219.1
Project("{9A19103F-16F7-4668-BE54-9A1E7A4F7556}") = "Converter", "Converter\Converter.csproj", "{70CCD097-871A-4F18-B37A-466AB88E6BD2}"
EndProject
Project("{9A19103F-16F7-4668-BE54-9A1E7A4F7556}") = "Converter.Test", "Converter.Test\Converter.Test.csproj", "{087A3031-B364-40FB-BA51-68503BFE711F}"
EndProject
Project("{FAE04EC0-301F-11D3-BF4B-00C04F79EFBC}") = "XlsxToJson.Api", "XlsxToJson.Api\XlsxToJson.Api.csproj", "{F58638B2-2B86-46FC-B730-CC3F57F52173}"
EndProject
Global
	GlobalSection(SolutionConfigurationPlatforms) = preSolution
		Debug|Any CPU = Debug|Any CPU
		Release|Any CPU = Release|Any CPU
	EndGlobalSection
	GlobalSection(ProjectConfigurationPlatforms) = postSolution
		{70CCD097-871A-4F18-B37A-466AB88E6BD2}.Debug|Any CPU.ActiveCfg = Debug|Any CPU
		{70CCD097-871A-4F18-B37A-466AB88E6BD2}.Debug|Any CPU.Build.0 = Debug|Any CPU
		{70CCD097-871A-4F18-B37A-466AB88E6BD2}.Release|Any CPU.ActiveCfg = Release|Any CPU
		{70CCD097-871A-4F18-B37A-466AB88E6BD2}.Release|Any CPU.Build.0 = Release|Any CPU
		{087A3031-B364-40FB-BA51-68503BFE711F}.Debug|Any CPU.ActiveCfg = Debug|Any CPU
		{087A3031-B364-40FB-BA51-68503BFE711F}.Debug|Any CPU.Build.0 = Debug|Any CPU
		{087A3031-B364-40FB-BA51-68503BFE711F}.Release|Any CPU.ActiveCfg = Release|Any CPU
		{087A3031-B364-40FB-BA51-68503BFE711F}.Release|Any CPU.Build.0 = Release|Any CPU
		{F58638B2-2B86-46FC-B730-CC3F57F52173}.Debug|Any CPU.ActiveCfg = Debug|Any CPU
		{F58638B2-2B86-46FC-B730-CC3F57F52173}.Debug|Any CPU.Build.0 = Debug|Any CPU
		{F58638B2-2B86-46FC-B730-CC3F57F52173}.Release|Any CPU.ActiveCfg = Release|Any CPU
		{F58638B2-2B86-46FC-B730-CC3F57F52173}.Release|Any CPU.Build.0 = Release|Any CPU
	EndGlobalSection
	GlobalSection(SolutionProperties) = preSolution
		HideSolutionNode = FALSE
	EndGlobalSection
	GlobalSection(ExtensibilityGlobals) = postSolution
		SolutionGuid = {CF27AFC2-39E9-4EBD-B102-C2E0ACEE9E62}
	EndGlobalSection
EndGlobal
